// !$*UTF8*$!
{
	archiveVersion = 1;
	classes = {
	};
	objectVersion = 46;
	objects = {

/* Begin PBXBuildFile section */
		DCAEDEC21C2C582E00B5AB97 /* main.cpp in Sources */ = {isa = PBXBuildFile; fileRef = DCAEDEC11C2C582E00B5AB97 /* main.cpp */; };
		DCAEE1311C2C65CD00B5AB97 /* Exp.cpp in Sources */ = {isa = PBXBuildFile; fileRef = DCAEE12F1C2C65CD00B5AB97 /* Exp.cpp */; };
		DCAEE1341C2C692700B5AB97 /* Func.cpp in Sources */ = {isa = PBXBuildFile; fileRef = DCAEE1321C2C692700B5AB97 /* Func.cpp */; };
		DCAEE1371C2C8C7600B5AB97 /* Parser.cpp in Sources */ = {isa = PBXBuildFile; fileRef = DCAEE1351C2C8C7600B5AB97 /* Parser.cpp */; };
		DCD0BC791C2FC40500C12405 /* Analyzer.cpp in Sources */ = {isa = PBXBuildFile; fileRef = DCD0BC771C2FC40500C12405 /* Analyzer.cpp */; };
		DCD0BC7C1C2FC50600C12405 /* Env.cpp in Sources */ = {isa = PBXBuildFile; fileRef = DCD0BC7A1C2FC50600C12405 /* Env.cpp */; };
/* End PBXBuildFile section */

/* Begin PBXCopyFilesBuildPhase section */
		DCAEDEBC1C2C582E00B5AB97 /* CopyFiles */ = {
			isa = PBXCopyFilesBuildPhase;
			buildActionMask = 2147483647;
			dstPath = /usr/share/man/man1/;
			dstSubfolderSpec = 0;
			files = (
			);
			runOnlyForDeploymentPostprocessing = 1;
		};
/* End PBXCopyFilesBuildPhase section */

/* Begin PBXFileReference section */
		DCAEDEBE1C2C582E00B5AB97 /* Letter */ = {isa = PBXFileReference; explicitFileType = "compiled.mach-o.executable"; includeInIndex = 0; path = Letter; sourceTree = BUILT_PRODUCTS_DIR; };
		DCAEDEC11C2C582E00B5AB97 /* main.cpp */ = {isa = PBXFileReference; lastKnownFileType = sourcecode.cpp.cpp; path = main.cpp; sourceTree = "<group>"; };
		DCAEE12F1C2C65CD00B5AB97 /* Exp.cpp */ = {isa = PBXFileReference; fileEncoding = 4; lastKnownFileType = sourcecode.cpp.cpp; path = Exp.cpp; sourceTree = "<group>"; };
		DCAEE1301C2C65CD00B5AB97 /* Exp.hpp */ = {isa = PBXFileReference; fileEncoding = 4; lastKnownFileType = sourcecode.cpp.h; path = Exp.hpp; sourceTree = "<group>"; };
		DCAEE1321C2C692700B5AB97 /* Func.cpp */ = {isa = PBXFileReference; fileEncoding = 4; lastKnownFileType = sourcecode.cpp.cpp; path = Func.cpp; sourceTree = "<group>"; };
		DCAEE1331C2C692700B5AB97 /* Func.hpp */ = {isa = PBXFileReference; fileEncoding = 4; lastKnownFileType = sourcecode.cpp.h; path = Func.hpp; sourceTree = "<group>"; };
		DCAEE1351C2C8C7600B5AB97 /* Parser.cpp */ = {isa = PBXFileReference; fileEncoding = 4; lastKnownFileType = sourcecode.cpp.cpp; path = Parser.cpp; sourceTree = "<group>"; };
		DCAEE1361C2C8C7600B5AB97 /* Parser.hpp */ = {isa = PBXFileReference; fileEncoding = 4; lastKnownFileType = sourcecode.cpp.h; path = Parser.hpp; sourceTree = "<group>"; };
		DCD0BC771C2FC40500C12405 /* Analyzer.cpp */ = {isa = PBXFileReference; fileEncoding = 4; lastKnownFileType = sourcecode.cpp.cpp; path = Analyzer.cpp; sourceTree = "<group>"; };
		DCD0BC781C2FC40500C12405 /* Analyzer.hpp */ = {isa = PBXFileReference; fileEncoding = 4; lastKnownFileType = sourcecode.cpp.h; path = Analyzer.hpp; sourceTree = "<group>"; };
		DCD0BC7A1C2FC50600C12405 /* Env.cpp */ = {isa = PBXFileReference; fileEncoding = 4; lastKnownFileType = sourcecode.cpp.cpp; path = Env.cpp; sourceTree = "<group>"; };
		DCD0BC7B1C2FC50600C12405 /* Env.hpp */ = {isa = PBXFileReference; fileEncoding = 4; lastKnownFileType = sourcecode.cpp.h; path = Env.hpp; sourceTree = "<group>"; };
/* End PBXFileReference section */

/* Begin PBXFrameworksBuildPhase section */
		DCAEDEBB1C2C582E00B5AB97 /* Frameworks */ = {
			isa = PBXFrameworksBuildPhase;
			buildActionMask = 2147483647;
			files = (
			);
			runOnlyForDeploymentPostprocessing = 0;
		};
/* End PBXFrameworksBuildPhase section */

/* Begin PBXGroup section */
		DCAEDEB51C2C582E00B5AB97 = {
			isa = PBXGroup;
			children = (
				DCAEDEC01C2C582E00B5AB97 /* Letter */,
				DCAEDEBF1C2C582E00B5AB97 /* Products */,
			);
			sourceTree = "<group>";
		};
		DCAEDEBF1C2C582E00B5AB97 /* Products */ = {
			isa = PBXGroup;
			children = (
				DCAEDEBE1C2C582E00B5AB97 /* Letter */,
			);
			name = Products;
			sourceTree = "<group>";
		};
		DCAEDEC01C2C582E00B5AB97 /* Letter */ = {
			isa = PBXGroup;
			children = (
				DCAEE1331C2C692700B5AB97 /* Func.hpp */,
				DCAEE1321C2C692700B5AB97 /* Func.cpp */,
				DCD0BC781C2FC40500C12405 /* Analyzer.hpp */,
				DCD0BC771C2FC40500C12405 /* Analyzer.cpp */,
				DCD0BC7B1C2FC50600C12405 /* Env.hpp */,
				DCD0BC7A1C2FC50600C12405 /* Env.cpp */,
				DCAEE1361C2C8C7600B5AB97 /* Parser.hpp */,
				DCAEE1351C2C8C7600B5AB97 /* Parser.cpp */,
				DCAEDEC11C2C582E00B5AB97 /* main.cpp */,
				DCAEE12F1C2C65CD00B5AB97 /* Exp.cpp */,
				DCAEE1301C2C65CD00B5AB97 /* Exp.hpp */,
			);
			path = Letter;
			sourceTree = "<group>";
		};
/* End PBXGroup section */

/* Begin PBXNativeTarget section */
		DCAEDEBD1C2C582E00B5AB97 /* Letter */ = {
			isa = PBXNativeTarget;
			buildConfigurationList = DCAEDEC51C2C582E00B5AB97 /* Build configuration list for PBXNativeTarget "Letter" */;
			buildPhases = (
				DCAEDEBA1C2C582E00B5AB97 /* Sources */,
				DCAEDEBB1C2C582E00B5AB97 /* Frameworks */,
				DCAEDEBC1C2C582E00B5AB97 /* CopyFiles */,
			);
			buildRules = (
			);
			dependencies = (
			);
			name = Letter;
			productName = Letter;
			productReference = DCAEDEBE1C2C582E00B5AB97 /* Letter */;
			productType = "com.apple.product-type.tool";
		};
/* End PBXNativeTarget section */

/* Begin PBXProject section */
		DCAEDEB61C2C582E00B5AB97 /* Project object */ = {
			isa = PBXProject;
			attributes = {
				LastUpgradeCheck = 0720;
				ORGANIZATIONNAME = "Harlan Haskins";
				TargetAttributes = {
					DCAEDEBD1C2C582E00B5AB97 = {
						CreatedOnToolsVersion = 7.2;
					};
				};
			};
			buildConfigurationList = DCAEDEB91C2C582E00B5AB97 /* Build configuration list for PBXProject "Letter" */;
			compatibilityVersion = "Xcode 3.2";
			developmentRegion = English;
			hasScannedForEncodings = 0;
			knownRegions = (
				en,
			);
			mainGroup = DCAEDEB51C2C582E00B5AB97;
			productRefGroup = DCAEDEBF1C2C582E00B5AB97 /* Products */;
			projectDirPath = "";
			projectRoot = "";
			targets = (
				DCAEDEBD1C2C582E00B5AB97 /* Letter */,
			);
		};
/* End PBXProject section */

/* Begin PBXSourcesBuildPhase section */
		DCAEDEBA1C2C582E00B5AB97 /* Sources */ = {
			isa = PBXSourcesBuildPhase;
			buildActionMask = 2147483647;
			files = (
				DCD0BC791C2FC40500C12405 /* Analyzer.cpp in Sources */,
				DCAEE1371C2C8C7600B5AB97 /* Parser.cpp in Sources */,
				DCAEE1341C2C692700B5AB97 /* Func.cpp in Sources */,
				DCD0BC7C1C2FC50600C12405 /* Env.cpp in Sources */,
				DCAEE1311C2C65CD00B5AB97 /* Exp.cpp in Sources */,
				DCAEDEC21C2C582E00B5AB97 /* main.cpp in Sources */,
			);
			runOnlyForDeploymentPostprocessing = 0;
		};
/* End PBXSourcesBuildPhase section */

/* Begin XCBuildConfiguration section */
		DCAEDEC31C2C582E00B5AB97 /* Debug */ = {
			isa = XCBuildConfiguration;
			buildSettings = {
				ALWAYS_SEARCH_USER_PATHS = NO;
				CLANG_CXX_LANGUAGE_STANDARD = "gnu++0x";
				CLANG_CXX_LIBRARY = "libc++";
				CLANG_ENABLE_MODULES = YES;
				CLANG_ENABLE_OBJC_ARC = YES;
				CLANG_WARN_BOOL_CONVERSION = YES;
				CLANG_WARN_CONSTANT_CONVERSION = YES;
				CLANG_WARN_DIRECT_OBJC_ISA_USAGE = YES_ERROR;
				CLANG_WARN_EMPTY_BODY = YES;
				CLANG_WARN_ENUM_CONVERSION = YES;
				CLANG_WARN_INT_CONVERSION = YES;
				CLANG_WARN_OBJC_ROOT_CLASS = YES_ERROR;
				CLANG_WARN_UNREACHABLE_CODE = YES;
				CLANG_WARN__DUPLICATE_METHOD_MATCH = YES;
				CODE_SIGN_IDENTITY = "-";
				COPY_PHASE_STRIP = NO;
				DEBUG_INFORMATION_FORMAT = dwarf;
				ENABLE_STRICT_OBJC_MSGSEND = YES;
				ENABLE_TESTABILITY = YES;
				GCC_C_LANGUAGE_STANDARD = gnu99;
				GCC_DYNAMIC_NO_PIC = NO;
				GCC_NO_COMMON_BLOCKS = YES;
				GCC_OPTIMIZATION_LEVEL = 0;
				GCC_PREPROCESSOR_DEFINITIONS = (
					"DEBUG=1",
					"$(inherited)",
				);
				GCC_WARN_64_TO_32_BIT_CONVERSION = YES;
				GCC_WARN_ABOUT_RETURN_TYPE = YES_ERROR;
				GCC_WARN_UNDECLARED_SELECTOR = YES;
				GCC_WARN_UNINITIALIZED_AUTOS = YES_AGGRESSIVE;
				GCC_WARN_UNUSED_FUNCTION = YES;
				GCC_WARN_UNUSED_VARIABLE = YES;
				MACOSX_DEPLOYMENT_TARGET = 10.11;
				MTL_ENABLE_DEBUG_INFO = YES;
				ONLY_ACTIVE_ARCH = YES;
				SDKROOT = macosx;
			};
			name = Debug;
		};
		DCAEDEC41C2C582E00B5AB97 /* Release */ = {
			isa = XCBuildConfiguration;
			buildSettings = {
				ALWAYS_SEARCH_USER_PATHS = NO;
				CLANG_CXX_LANGUAGE_STANDARD = "gnu++0x";
				CLANG_CXX_LIBRARY = "libc++";
				CLANG_ENABLE_MODULES = YES;
				CLANG_ENABLE_OBJC_ARC = YES;
				CLANG_WARN_BOOL_CONVERSION = YES;
				CLANG_WARN_CONSTANT_CONVERSION = YES;
				CLANG_WARN_DIRECT_OBJC_ISA_USAGE = YES_ERROR;
				CLANG_WARN_EMPTY_BODY = YES;
				CLANG_WARN_ENUM_CONVERSION = YES;
				CLANG_WARN_INT_CONVERSION = YES;
				CLANG_WARN_OBJC_ROOT_CLASS = YES_ERROR;
				CLANG_WARN_UNREACHABLE_CODE = YES;
				CLANG_WARN__DUPLICATE_METHOD_MATCH = YES;
				CODE_SIGN_IDENTITY = "-";
				COPY_PHASE_STRIP = NO;
				DEBUG_INFORMATION_FORMAT = "dwarf-with-dsym";
				ENABLE_NS_ASSERTIONS = NO;
				ENABLE_STRICT_OBJC_MSGSEND = YES;
				GCC_C_LANGUAGE_STANDARD = gnu99;
				GCC_NO_COMMON_BLOCKS = YES;
				GCC_WARN_64_TO_32_BIT_CONVERSION = YES;
				GCC_WARN_ABOUT_RETURN_TYPE = YES_ERROR;
				GCC_WARN_UNDECLARED_SELECTOR = YES;
				GCC_WARN_UNINITIALIZED_AUTOS = YES_AGGRESSIVE;
				GCC_WARN_UNUSED_FUNCTION = YES;
				GCC_WARN_UNUSED_VARIABLE = YES;
				MACOSX_DEPLOYMENT_TARGET = 10.11;
				MTL_ENABLE_DEBUG_INFO = NO;
				SDKROOT = macosx;
			};
			name = Release;
		};
		DCAEDEC61C2C582E00B5AB97 /* Debug */ = {
			isa = XCBuildConfiguration;
			buildSettings = {
				CLANG_CXX_LANGUAGE_STANDARD = "c++14";
				HEADER_SEARCH_PATHS = "";
				PRODUCT_NAME = "$(TARGET_NAME)";
			};
			name = Debug;
		};
		DCAEDEC71C2C582E00B5AB97 /* Release */ = {
			isa = XCBuildConfiguration;
			buildSettings = {
				CLANG_CXX_LANGUAGE_STANDARD = "c++14";
				HEADER_SEARCH_PATHS = "";
				PRODUCT_NAME = "$(TARGET_NAME)";
			};
			name = Release;
		};
/* End XCBuildConfiguration section */

/* Begin XCConfigurationList section */
		DCAEDEB91C2C582E00B5AB97 /* Build configuration list for PBXProject "Letter" */ = {
			isa = XCConfigurationList;
			buildConfigurations = (
				DCAEDEC31C2C582E00B5AB97 /* Debug */,
				DCAEDEC41C2C582E00B5AB97 /* Release */,
			);
			defaultConfigurationIsVisible = 0;
			defaultConfigurationName = Release;
		};
		DCAEDEC51C2C582E00B5AB97 /* Build configuration list for PBXNativeTarget "Letter" */ = {
			isa = XCConfigurationList;
			buildConfigurations = (
				DCAEDEC61C2C582E00B5AB97 /* Debug */,
				DCAEDEC71C2C582E00B5AB97 /* Release */,
			);
			defaultConfigurationIsVisible = 0;
			defaultConfigurationName = Release;
		};
/* End XCConfigurationList section */
	};
	rootObject = DCAEDEB61C2C582E00B5AB97 /* Project object */;
}
