// !$*UTF8*$!
{
	archiveVersion = 1;
	classes = {
	};
	objectVersion = 46;
	objects = {

/* Begin PBXBuildFile section */
		DC1794B51C350AED00B9FAC4 /* Exp.cpp in Sources */ = {isa = PBXBuildFile; fileRef = DC1794AB1C350AED00B9FAC4 /* Exp.cpp */; };
		DC1794B61C350AED00B9FAC4 /* Func.cpp in Sources */ = {isa = PBXBuildFile; fileRef = DC1794AD1C350AED00B9FAC4 /* Func.cpp */; };
		DC1794B71C350AED00B9FAC4 /* IRGenerator.cpp in Sources */ = {isa = PBXBuildFile; fileRef = DC1794AF1C350AED00B9FAC4 /* IRGenerator.cpp */; };
		DC1794B81C350AED00B9FAC4 /* main.cpp in Sources */ = {isa = PBXBuildFile; fileRef = DC1794B21C350AED00B9FAC4 /* main.cpp */; };
		DC1794B91C350AED00B9FAC4 /* Parser.cpp in Sources */ = {isa = PBXBuildFile; fileRef = DC1794B31C350AED00B9FAC4 /* Parser.cpp */; };
		DCCE95E71C3319CA00FA0513 /* libLLVM-3.7.dylib in Frameworks */ = {isa = PBXBuildFile; fileRef = DCCE95E61C3319CA00FA0513 /* libLLVM-3.7.dylib */; };
		DCD0BEF01C30E7BC00C12405 /* libcurses.tbd in Frameworks */ = {isa = PBXBuildFile; fileRef = DCD0BEEF1C30E7BC00C12405 /* libcurses.tbd */; };
/* End PBXBuildFile section */

/* Begin PBXCopyFilesBuildPhase section */
		DCAEDEBC1C2C582E00B5AB97 /* CopyFiles */ = {
			isa = PBXCopyFilesBuildPhase;
			buildActionMask = 2147483647;
			dstPath = /usr/share/man/man1/;
			dstSubfolderSpec = 0;
			files = (
			);
			runOnlyForDeploymentPostprocessing = 1;
		};
/* End PBXCopyFilesBuildPhase section */

/* Begin PBXFileReference section */
		DC1794AB1C350AED00B9FAC4 /* Exp.cpp */ = {isa = PBXFileReference; fileEncoding = 4; lastKnownFileType = sourcecode.cpp.cpp; name = Exp.cpp; path = src/Exp.cpp; sourceTree = SOURCE_ROOT; };
		DC1794AC1C350AED00B9FAC4 /* Exp.hpp */ = {isa = PBXFileReference; fileEncoding = 4; lastKnownFileType = sourcecode.cpp.h; name = Exp.hpp; path = src/Exp.hpp; sourceTree = SOURCE_ROOT; };
		DC1794AD1C350AED00B9FAC4 /* Func.cpp */ = {isa = PBXFileReference; fileEncoding = 4; lastKnownFileType = sourcecode.cpp.cpp; name = Func.cpp; path = src/Func.cpp; sourceTree = SOURCE_ROOT; };
		DC1794AE1C350AED00B9FAC4 /* Func.hpp */ = {isa = PBXFileReference; fileEncoding = 4; lastKnownFileType = sourcecode.cpp.h; name = Func.hpp; path = src/Func.hpp; sourceTree = SOURCE_ROOT; };
		DC1794AF1C350AED00B9FAC4 /* IRGenerator.cpp */ = {isa = PBXFileReference; fileEncoding = 4; lastKnownFileType = sourcecode.cpp.cpp; name = IRGenerator.cpp; path = src/IRGenerator.cpp; sourceTree = SOURCE_ROOT; };
		DC1794B01C350AED00B9FAC4 /* IRGenerator.hpp */ = {isa = PBXFileReference; fileEncoding = 4; lastKnownFileType = sourcecode.cpp.h; name = IRGenerator.hpp; path = src/IRGenerator.hpp; sourceTree = SOURCE_ROOT; };
		DC1794B11C350AED00B9FAC4 /* LetterJIT.h */ = {isa = PBXFileReference; fileEncoding = 4; lastKnownFileType = sourcecode.c.h; name = LetterJIT.h; path = src/LetterJIT.h; sourceTree = SOURCE_ROOT; };
		DC1794B21C350AED00B9FAC4 /* main.cpp */ = {isa = PBXFileReference; fileEncoding = 4; lastKnownFileType = sourcecode.cpp.cpp; name = main.cpp; path = src/main.cpp; sourceTree = SOURCE_ROOT; };
		DC1794B31C350AED00B9FAC4 /* Parser.cpp */ = {isa = PBXFileReference; fileEncoding = 4; lastKnownFileType = sourcecode.cpp.cpp; name = Parser.cpp; path = src/Parser.cpp; sourceTree = SOURCE_ROOT; };
		DC1794B41C350AED00B9FAC4 /* Parser.hpp */ = {isa = PBXFileReference; fileEncoding = 4; lastKnownFileType = sourcecode.cpp.h; name = Parser.hpp; path = src/Parser.hpp; sourceTree = SOURCE_ROOT; };
		DCAEDEBE1C2C582E00B5AB97 /* Letter */ = {isa = PBXFileReference; explicitFileType = "compiled.mach-o.executable"; includeInIndex = 0; path = Letter; sourceTree = BUILT_PRODUCTS_DIR; };
		DCCE95E61C3319CA00FA0513 /* libLLVM-3.7.dylib */ = {isa = PBXFileReference; lastKnownFileType = "compiled.mach-o.dylib"; name = "libLLVM-3.7.dylib"; path = "../../../../../../../usr/local/Cellar/llvm37/3.7.0/lib/llvm-3.7/lib/libLLVM-3.7.dylib"; sourceTree = "<group>"; };
		DCD0BEEF1C30E7BC00C12405 /* libcurses.tbd */ = {isa = PBXFileReference; lastKnownFileType = "sourcecode.text-based-dylib-definition"; name = libcurses.tbd; path = usr/lib/libcurses.tbd; sourceTree = SDKROOT; };
/* End PBXFileReference section */

/* Begin PBXFrameworksBuildPhase section */
		DCAEDEBB1C2C582E00B5AB97 /* Frameworks */ = {
			isa = PBXFrameworksBuildPhase;
			buildActionMask = 2147483647;
			files = (
				DCCE95E71C3319CA00FA0513 /* libLLVM-3.7.dylib in Frameworks */,
				DCD0BEF01C30E7BC00C12405 /* libcurses.tbd in Frameworks */,
			);
			runOnlyForDeploymentPostprocessing = 0;
		};
/* End PBXFrameworksBuildPhase section */

/* Begin PBXGroup section */
		DCAEDEB51C2C582E00B5AB97 = {
			isa = PBXGroup;
			children = (
				DCCE95E61C3319CA00FA0513 /* libLLVM-3.7.dylib */,
				DCD0BEEF1C30E7BC00C12405 /* libcurses.tbd */,
				DCAEDEC01C2C582E00B5AB97 /* Letter */,
				DCAEDEBF1C2C582E00B5AB97 /* Products */,
			);
			sourceTree = "<group>";
		};
		DCAEDEBF1C2C582E00B5AB97 /* Products */ = {
			isa = PBXGroup;
			children = (
				DCAEDEBE1C2C582E00B5AB97 /* Letter */,
			);
			name = Products;
			sourceTree = "<group>";
		};
		DCAEDEC01C2C582E00B5AB97 /* Letter */ = {
			isa = PBXGroup;
			children = (
				DC1794AB1C350AED00B9FAC4 /* Exp.cpp */,
				DC1794AC1C350AED00B9FAC4 /* Exp.hpp */,
				DC1794AD1C350AED00B9FAC4 /* Func.cpp */,
				DC1794AE1C350AED00B9FAC4 /* Func.hpp */,
				DC1794AF1C350AED00B9FAC4 /* IRGenerator.cpp */,
				DC1794B01C350AED00B9FAC4 /* IRGenerator.hpp */,
				DC1794B11C350AED00B9FAC4 /* LetterJIT.h */,
				DC1794B21C350AED00B9FAC4 /* main.cpp */,
				DC1794B31C350AED00B9FAC4 /* Parser.cpp */,
				DC1794B41C350AED00B9FAC4 /* Parser.hpp */,
			);
			path = Letter;
			sourceTree = "<group>";
		};
/* End PBXGroup section */

/* Begin PBXNativeTarget section */
		DCAEDEBD1C2C582E00B5AB97 /* Letter */ = {
			isa = PBXNativeTarget;
			buildConfigurationList = DCAEDEC51C2C582E00B5AB97 /* Build configuration list for PBXNativeTarget "Letter" */;
			buildPhases = (
				DCAEDEBA1C2C582E00B5AB97 /* Sources */,
				DCAEDEBB1C2C582E00B5AB97 /* Frameworks */,
				DCAEDEBC1C2C582E00B5AB97 /* CopyFiles */,
			);
			buildRules = (
			);
			dependencies = (
			);
			name = Letter;
			productName = Letter;
			productReference = DCAEDEBE1C2C582E00B5AB97 /* Letter */;
			productType = "com.apple.product-type.tool";
		};
/* End PBXNativeTarget section */

/* Begin PBXProject section */
		DCAEDEB61C2C582E00B5AB97 /* Project object */ = {
			isa = PBXProject;
			attributes = {
				LastUpgradeCheck = 0720;
				ORGANIZATIONNAME = "Harlan Haskins";
				TargetAttributes = {
					DCAEDEBD1C2C582E00B5AB97 = {
						CreatedOnToolsVersion = 7.2;
					};
				};
			};
			buildConfigurationList = DCAEDEB91C2C582E00B5AB97 /* Build configuration list for PBXProject "Letter" */;
			compatibilityVersion = "Xcode 3.2";
			developmentRegion = English;
			hasScannedForEncodings = 0;
			knownRegions = (
				en,
			);
			mainGroup = DCAEDEB51C2C582E00B5AB97;
			productRefGroup = DCAEDEBF1C2C582E00B5AB97 /* Products */;
			projectDirPath = "";
			projectRoot = "";
			targets = (
				DCAEDEBD1C2C582E00B5AB97 /* Letter */,
			);
		};
/* End PBXProject section */

/* Begin PBXSourcesBuildPhase section */
		DCAEDEBA1C2C582E00B5AB97 /* Sources */ = {
			isa = PBXSourcesBuildPhase;
			buildActionMask = 2147483647;
			files = (
				DC1794B51C350AED00B9FAC4 /* Exp.cpp in Sources */,
				DC1794B71C350AED00B9FAC4 /* IRGenerator.cpp in Sources */,
				DC1794B81C350AED00B9FAC4 /* main.cpp in Sources */,
				DC1794B91C350AED00B9FAC4 /* Parser.cpp in Sources */,
				DC1794B61C350AED00B9FAC4 /* Func.cpp in Sources */,
			);
			runOnlyForDeploymentPostprocessing = 0;
		};
/* End PBXSourcesBuildPhase section */

/* Begin XCBuildConfiguration section */
		DCAEDEC31C2C582E00B5AB97 /* Debug */ = {
			isa = XCBuildConfiguration;
			buildSettings = {
				ALWAYS_SEARCH_USER_PATHS = NO;
				CLANG_CXX_LANGUAGE_STANDARD = "gnu++0x";
				CLANG_CXX_LIBRARY = "libc++";
				CLANG_ENABLE_MODULES = YES;
				CLANG_ENABLE_OBJC_ARC = YES;
				CLANG_WARN_BOOL_CONVERSION = YES;
				CLANG_WARN_CONSTANT_CONVERSION = YES;
				CLANG_WARN_DIRECT_OBJC_ISA_USAGE = YES_ERROR;
				CLANG_WARN_EMPTY_BODY = YES;
				CLANG_WARN_ENUM_CONVERSION = YES;
				CLANG_WARN_INT_CONVERSION = YES;
				CLANG_WARN_OBJC_ROOT_CLASS = YES_ERROR;
				CLANG_WARN_UNREACHABLE_CODE = YES;
				CLANG_WARN__DUPLICATE_METHOD_MATCH = YES;
				CODE_SIGN_IDENTITY = "-";
				COPY_PHASE_STRIP = NO;
				DEBUG_INFORMATION_FORMAT = dwarf;
				ENABLE_STRICT_OBJC_MSGSEND = YES;
				ENABLE_TESTABILITY = YES;
				GCC_C_LANGUAGE_STANDARD = gnu99;
				GCC_DYNAMIC_NO_PIC = NO;
				GCC_NO_COMMON_BLOCKS = YES;
				GCC_OPTIMIZATION_LEVEL = 0;
				GCC_PREPROCESSOR_DEFINITIONS = (
					"DEBUG=1",
					"$(inherited)",
				);
				GCC_WARN_64_TO_32_BIT_CONVERSION = YES;
				GCC_WARN_ABOUT_RETURN_TYPE = YES_ERROR;
				GCC_WARN_UNDECLARED_SELECTOR = YES;
				GCC_WARN_UNINITIALIZED_AUTOS = YES_AGGRESSIVE;
				GCC_WARN_UNUSED_FUNCTION = YES;
				GCC_WARN_UNUSED_VARIABLE = YES;
				MACOSX_DEPLOYMENT_TARGET = 10.11;
				MTL_ENABLE_DEBUG_INFO = YES;
				ONLY_ACTIVE_ARCH = YES;
				SDKROOT = macosx;
			};
			name = Debug;
		};
		DCAEDEC41C2C582E00B5AB97 /* Release */ = {
			isa = XCBuildConfiguration;
			buildSettings = {
				ALWAYS_SEARCH_USER_PATHS = NO;
				CLANG_CXX_LANGUAGE_STANDARD = "gnu++0x";
				CLANG_CXX_LIBRARY = "libc++";
				CLANG_ENABLE_MODULES = YES;
				CLANG_ENABLE_OBJC_ARC = YES;
				CLANG_WARN_BOOL_CONVERSION = YES;
				CLANG_WARN_CONSTANT_CONVERSION = YES;
				CLANG_WARN_DIRECT_OBJC_ISA_USAGE = YES_ERROR;
				CLANG_WARN_EMPTY_BODY = YES;
				CLANG_WARN_ENUM_CONVERSION = YES;
				CLANG_WARN_INT_CONVERSION = YES;
				CLANG_WARN_OBJC_ROOT_CLASS = YES_ERROR;
				CLANG_WARN_UNREACHABLE_CODE = YES;
				CLANG_WARN__DUPLICATE_METHOD_MATCH = YES;
				CODE_SIGN_IDENTITY = "-";
				COPY_PHASE_STRIP = NO;
				DEBUG_INFORMATION_FORMAT = "dwarf-with-dsym";
				ENABLE_NS_ASSERTIONS = NO;
				ENABLE_STRICT_OBJC_MSGSEND = YES;
				GCC_C_LANGUAGE_STANDARD = gnu99;
				GCC_NO_COMMON_BLOCKS = YES;
				GCC_WARN_64_TO_32_BIT_CONVERSION = YES;
				GCC_WARN_ABOUT_RETURN_TYPE = YES_ERROR;
				GCC_WARN_UNDECLARED_SELECTOR = YES;
				GCC_WARN_UNINITIALIZED_AUTOS = YES_AGGRESSIVE;
				GCC_WARN_UNUSED_FUNCTION = YES;
				GCC_WARN_UNUSED_VARIABLE = YES;
				MACOSX_DEPLOYMENT_TARGET = 10.11;
				MTL_ENABLE_DEBUG_INFO = NO;
				SDKROOT = macosx;
			};
			name = Release;
		};
		DCAEDEC61C2C582E00B5AB97 /* Debug */ = {
			isa = XCBuildConfiguration;
			buildSettings = {
				CLANG_CXX_LANGUAGE_STANDARD = "c++14";
				CLANG_WARN_CONSTANT_CONVERSION = NO;
				GCC_PREPROCESSOR_DEFINITIONS = (
					__STDC_CONSTANT_MACROS,
					__STDC_FORMAT_MACROS,
					"DEBUG=1",
					__STDC_LIMIT_MACROS,
				);
				GCC_WARN_64_TO_32_BIT_CONVERSION = NO;
				HEADER_SEARCH_PATHS = "/usr/local/Cellar/llvm37/3.7.0/lib/llvm-3.7/include";
				LIBRARY_SEARCH_PATHS = (
					"$(inherited)",
					"/usr/local/Cellar/llvm37/3.7.0/lib/llvm-3.7/lib",
				);
				OTHER_CPLUSPLUSFLAGS = "$(OTHER_CFLAGS)";
				PRODUCT_NAME = "$(TARGET_NAME)";
			};
			name = Debug;
		};
		DCAEDEC71C2C582E00B5AB97 /* Release */ = {
			isa = XCBuildConfiguration;
			buildSettings = {
				CLANG_CXX_LANGUAGE_STANDARD = "c++14";
				CLANG_WARN_CONSTANT_CONVERSION = NO;
				GCC_PREPROCESSOR_DEFINITIONS = (
					__STDC_CONSTANT_MACROS,
					__STDC_FORMAT_MACROS,
					__STDC_LIMIT_MACROS,
				);
				GCC_WARN_64_TO_32_BIT_CONVERSION = NO;
				HEADER_SEARCH_PATHS = "/usr/local/Cellar/llvm37/3.7.0/lib/llvm-3.7/include";
				LIBRARY_SEARCH_PATHS = (
					"$(inherited)",
					"/usr/local/Cellar/llvm37/3.7.0/lib/llvm-3.7/lib",
				);
				OTHER_CPLUSPLUSFLAGS = "$(OTHER_CFLAGS)";
				PRODUCT_NAME = "$(TARGET_NAME)";
			};
			name = Release;
		};
/* End XCBuildConfiguration section */

/* Begin XCConfigurationList section */
		DCAEDEB91C2C582E00B5AB97 /* Build configuration list for PBXProject "Letter" */ = {
			isa = XCConfigurationList;
			buildConfigurations = (
				DCAEDEC31C2C582E00B5AB97 /* Debug */,
				DCAEDEC41C2C582E00B5AB97 /* Release */,
			);
			defaultConfigurationIsVisible = 0;
			defaultConfigurationName = Release;
		};
		DCAEDEC51C2C582E00B5AB97 /* Build configuration list for PBXNativeTarget "Letter" */ = {
			isa = XCConfigurationList;
			buildConfigurations = (
				DCAEDEC61C2C582E00B5AB97 /* Debug */,
				DCAEDEC71C2C582E00B5AB97 /* Release */,
			);
			defaultConfigurationIsVisible = 0;
			defaultConfigurationName = Release;
		};
/* End XCConfigurationList section */
	};
	rootObject = DCAEDEB61C2C582E00B5AB97 /* Project object */;
}
